
Microsoft Visual Studio Solution File, Format Version 12.00
# Visual Studio 15
VisualStudioVersion = 15.0.26124.0
MinimumVisualStudioVersion = 15.0.26124.0
Project("{FAE04EC0-301F-11D3-BF4B-00C04F79EFBC}") = "ProAgil.WebAPI", "ProAgil.WebAPI\ProAgil.WebAPI.csproj", "{D33255CB-108C-4E8E-B002-9DEB7F9E7AB1}"
EndProject
Project("{FAE04EC0-301F-11D3-BF4B-00C04F79EFBC}") = "ProAgil.Repository", "ProAgil.Repository\ProAgil.Repository.csproj", "{B1797500-B29B-4C71-96E8-A277FD74C29F}"
EndProject
Project("{FAE04EC0-301F-11D3-BF4B-00C04F79EFBC}") = "ProAgil.Domain", "ProAgil.Domain\ProAgil.Domain.csproj", "{5C157E8F-041C-4263-9B6D-28E67262DE47}"
EndProject
Global
	GlobalSection(SolutionConfigurationPlatforms) = preSolution
		Debug|Any CPU = Debug|Any CPU
		Debug|x64 = Debug|x64
		Debug|x86 = Debug|x86
		Release|Any CPU = Release|Any CPU
		Release|x64 = Release|x64
		Release|x86 = Release|x86
	EndGlobalSection
	GlobalSection(SolutionProperties) = preSolution
		HideSolutionNode = FALSE
	EndGlobalSection
	GlobalSection(ProjectConfigurationPlatforms) = postSolution
		{D33255CB-108C-4E8E-B002-9DEB7F9E7AB1}.Debug|Any CPU.ActiveCfg = Debug|Any CPU
		{D33255CB-108C-4E8E-B002-9DEB7F9E7AB1}.Debug|Any CPU.Build.0 = Debug|Any CPU
		{D33255CB-108C-4E8E-B002-9DEB7F9E7AB1}.Debug|x64.ActiveCfg = Debug|Any CPU
		{D33255CB-108C-4E8E-B002-9DEB7F9E7AB1}.Debug|x64.Build.0 = Debug|Any CPU
		{D33255CB-108C-4E8E-B002-9DEB7F9E7AB1}.Debug|x86.ActiveCfg = Debug|Any CPU
		{D33255CB-108C-4E8E-B002-9DEB7F9E7AB1}.Debug|x86.Build.0 = Debug|Any CPU
		{D33255CB-108C-4E8E-B002-9DEB7F9E7AB1}.Release|Any CPU.ActiveCfg = Release|Any CPU
		{D33255CB-108C-4E8E-B002-9DEB7F9E7AB1}.Release|Any CPU.Build.0 = Release|Any CPU
		{D33255CB-108C-4E8E-B002-9DEB7F9E7AB1}.Release|x64.ActiveCfg = Release|Any CPU
		{D33255CB-108C-4E8E-B002-9DEB7F9E7AB1}.Release|x64.Build.0 = Release|Any CPU
		{D33255CB-108C-4E8E-B002-9DEB7F9E7AB1}.Release|x86.ActiveCfg = Release|Any CPU
		{D33255CB-108C-4E8E-B002-9DEB7F9E7AB1}.Release|x86.Build.0 = Release|Any CPU
		{B1797500-B29B-4C71-96E8-A277FD74C29F}.Debug|Any CPU.ActiveCfg = Debug|Any CPU
		{B1797500-B29B-4C71-96E8-A277FD74C29F}.Debug|Any CPU.Build.0 = Debug|Any CPU
		{B1797500-B29B-4C71-96E8-A277FD74C29F}.Debug|x64.ActiveCfg = Debug|Any CPU
		{B1797500-B29B-4C71-96E8-A277FD74C29F}.Debug|x64.Build.0 = Debug|Any CPU
		{B1797500-B29B-4C71-96E8-A277FD74C29F}.Debug|x86.ActiveCfg = Debug|Any CPU
		{B1797500-B29B-4C71-96E8-A277FD74C29F}.Debug|x86.Build.0 = Debug|Any CPU
		{B1797500-B29B-4C71-96E8-A277FD74C29F}.Release|Any CPU.ActiveCfg = Release|Any CPU
		{B1797500-B29B-4C71-96E8-A277FD74C29F}.Release|Any CPU.Build.0 = Release|Any CPU
		{B1797500-B29B-4C71-96E8-A277FD74C29F}.Release|x64.ActiveCfg = Release|Any CPU
		{B1797500-B29B-4C71-96E8-A277FD74C29F}.Release|x64.Build.0 = Release|Any CPU
		{B1797500-B29B-4C71-96E8-A277FD74C29F}.Release|x86.ActiveCfg = Release|Any CPU
		{B1797500-B29B-4C71-96E8-A277FD74C29F}.Release|x86.Build.0 = Release|Any CPU
		{5C157E8F-041C-4263-9B6D-28E67262DE47}.Debug|Any CPU.ActiveCfg = Debug|Any CPU
		{5C157E8F-041C-4263-9B6D-28E67262DE47}.Debug|Any CPU.Build.0 = Debug|Any CPU
		{5C157E8F-041C-4263-9B6D-28E67262DE47}.Debug|x64.ActiveCfg = Debug|Any CPU
		{5C157E8F-041C-4263-9B6D-28E67262DE47}.Debug|x64.Build.0 = Debug|Any CPU
		{5C157E8F-041C-4263-9B6D-28E67262DE47}.Debug|x86.ActiveCfg = Debug|Any CPU
		{5C157E8F-041C-4263-9B6D-28E67262DE47}.Debug|x86.Build.0 = Debug|Any CPU
		{5C157E8F-041C-4263-9B6D-28E67262DE47}.Release|Any CPU.ActiveCfg = Release|Any CPU
		{5C157E8F-041C-4263-9B6D-28E67262DE47}.Release|Any CPU.Build.0 = Release|Any CPU
		{5C157E8F-041C-4263-9B6D-28E67262DE47}.Release|x64.ActiveCfg = Release|Any CPU
		{5C157E8F-041C-4263-9B6D-28E67262DE47}.Release|x64.Build.0 = Release|Any CPU
		{5C157E8F-041C-4263-9B6D-28E67262DE47}.Release|x86.ActiveCfg = Release|Any CPU
		{5C157E8F-041C-4263-9B6D-28E67262DE47}.Release|x86.Build.0 = Release|Any CPU
	EndGlobalSection
EndGlobal
